
Microsoft Visual Studio Solution File, Format Version 12.00
# Visual Studio 2012
Project("{FAE04EC0-301F-11D3-BF4B-00C04F79EFBC}") = "Ef6FirstSet", "Ef6FirstSet\Ef6FirstSet.csproj", "{89BFD954-2A72-4125-AAAD-6178AE3100DC}"
EndProject
Global
	GlobalSection(TeamFoundationVersionControl) = preSolution
		SccNumberOfProjects = 2
		SccEnterpriseProvider = {4CA58AB2-18FA-4F8D-95D4-32DDF27D184C}
		SccTeamFoundationServer = http://192.168.210.199:8080/tfs/misc
		SccLocalPath0 = .
		SccProjectUniqueName1 = Ef6FirstSet\\Ef6FirstSet.csproj
		SccProjectName1 = Ef6FirstSet
		SccLocalPath1 = Ef6FirstSet
	EndGlobalSection
	GlobalSection(SolutionConfigurationPlatforms) = preSolution
		Debug|Any CPU = Debug|Any CPU
		Release|Any CPU = Release|Any CPU
	EndGlobalSection
	GlobalSection(ProjectConfigurationPlatforms) = postSolution
		{89BFD954-2A72-4125-AAAD-6178AE3100DC}.Debug|Any CPU.ActiveCfg = Debug|Any CPU
		{89BFD954-2A72-4125-AAAD-6178AE3100DC}.Debug|Any CPU.Build.0 = Debug|Any CPU
		{89BFD954-2A72-4125-AAAD-6178AE3100DC}.Release|Any CPU.ActiveCfg = Release|Any CPU
		{89BFD954-2A72-4125-AAAD-6178AE3100DC}.Release|Any CPU.Build.0 = Release|Any CPU
	EndGlobalSection
	GlobalSection(SolutionProperties) = preSolution
		HideSolutionNode = FALSE
	EndGlobalSection
EndGlobal
